// !$*UTF8*$!
{
	archiveVersion = 1;
	classes = {
	};
	objectVersion = 46;
	objects = {

/* Begin PBXBuildFile section */
		0D13320B1C80E07100DBD374 /* Podfile in Resources */ = {isa = PBXBuildFile; fileRef = 0D13320A1C80E07100DBD374 /* Podfile */; };
		0D969C3C1C178E5400630A09 /* AppDelegate.swift in Sources */ = {isa = PBXBuildFile; fileRef = 0D969C3B1C178E5400630A09 /* AppDelegate.swift */; };
		0D969C3E1C178E5400630A09 /* ViewController.swift in Sources */ = {isa = PBXBuildFile; fileRef = 0D969C3D1C178E5400630A09 /* ViewController.swift */; };
		0D969C411C178E5400630A09 /* Main.storyboard in Resources */ = {isa = PBXBuildFile; fileRef = 0D969C3F1C178E5400630A09 /* Main.storyboard */; };
		0D969C431C178E5400630A09 /* Assets.xcassets in Resources */ = {isa = PBXBuildFile; fileRef = 0D969C421C178E5400630A09 /* Assets.xcassets */; };
		0D969C461C178E5400630A09 /* LaunchScreen.storyboard in Resources */ = {isa = PBXBuildFile; fileRef = 0D969C441C178E5400630A09 /* LaunchScreen.storyboard */; };
		0D969C511C178E5400630A09 /* Jive_FactoryTests.swift in Sources */ = {isa = PBXBuildFile; fileRef = 0D969C501C178E5400630A09 /* Jive_FactoryTests.swift */; };
		0D969C5C1C178E5400630A09 /* Jive_FactoryUITests.swift in Sources */ = {isa = PBXBuildFile; fileRef = 0D969C5B1C178E5400630A09 /* Jive_FactoryUITests.swift */; };
		0D969CBE1C1A174300630A09 /* BandsTableViewController.swift in Sources */ = {isa = PBXBuildFile; fileRef = 0D969CBD1C1A174300630A09 /* BandsTableViewController.swift */; };
		0D969CD81C1A292000630A09 /* BandsDetailViewController.swift in Sources */ = {isa = PBXBuildFile; fileRef = 0D969CD71C1A292000630A09 /* BandsDetailViewController.swift */; };
		0D969CDA1C1A31D400630A09 /* BandDetail.swift in Sources */ = {isa = PBXBuildFile; fileRef = 0D969CD91C1A31D400630A09 /* BandDetail.swift */; };
		0D969CE21C1B3B9800630A09 /* MapKit.framework in Frameworks */ = {isa = PBXBuildFile; fileRef = 0D969CE11C1B3B9800630A09 /* MapKit.framework */; };
		0D969CE41C1B3E3300630A09 /* MapViewController.swift in Sources */ = {isa = PBXBuildFile; fileRef = 0D969CE31C1B3E3300630A09 /* MapViewController.swift */; };
		0D969CE81C1F392800630A09 /* BandsModel.swift in Sources */ = {isa = PBXBuildFile; fileRef = 0D969CE71C1F392800630A09 /* BandsModel.swift */; };
		D5059C191E7ACC7A0013BE7C /* GoogleService-Info.plist in Resources */ = {isa = PBXBuildFile; fileRef = D5059C181E7ACC7A0013BE7C /* GoogleService-Info.plist */; };
		D5059C371E7ACF510013BE7C /* full-ambulance-ltd.png in Resources */ = {isa = PBXBuildFile; fileRef = D5059C1C1E7ACF510013BE7C /* full-ambulance-ltd.png */; };
		D5059C381E7ACF510013BE7C /* full-ambulance-ltd@2x.png in Resources */ = {isa = PBXBuildFile; fileRef = D5059C1D1E7ACF510013BE7C /* full-ambulance-ltd@2x.png */; };
		D5059C391E7ACF510013BE7C /* full-ambulance-ltd@3x.png in Resources */ = {isa = PBXBuildFile; fileRef = D5059C1E1E7ACF510013BE7C /* full-ambulance-ltd@3x.png */; };
		D5059C3A1E7ACF510013BE7C /* full-black-angels.png in Resources */ = {isa = PBXBuildFile; fileRef = D5059C1F1E7ACF510013BE7C /* full-black-angels.png */; };
		D5059C3B1E7ACF510013BE7C /* full-black-angels@2x.png in Resources */ = {isa = PBXBuildFile; fileRef = D5059C201E7ACF510013BE7C /* full-black-angels@2x.png */; };
		D5059C3C1E7ACF510013BE7C /* full-black-angels@3x.png in Resources */ = {isa = PBXBuildFile; fileRef = D5059C211E7ACF510013BE7C /* full-black-angels@3x.png */; };
		D5059C3D1E7ACF510013BE7C /* full-nicole-atkins.png in Resources */ = {isa = PBXBuildFile; fileRef = D5059C221E7ACF510013BE7C /* full-nicole-atkins.png */; };
		D5059C3E1E7ACF510013BE7C /* full-nicole-atkins@2x.png in Resources */ = {isa = PBXBuildFile; fileRef = D5059C231E7ACF510013BE7C /* full-nicole-atkins@2x.png */; };
		D5059C3F1E7ACF510013BE7C /* full-nicole-atkins@3x.png in Resources */ = {isa = PBXBuildFile; fileRef = D5059C241E7ACF510013BE7C /* full-nicole-atkins@3x.png */; };
		D5059C401E7ACF510013BE7C /* full-sleepies.png in Resources */ = {isa = PBXBuildFile; fileRef = D5059C251E7ACF510013BE7C /* full-sleepies.png */; };
		D5059C411E7ACF510013BE7C /* full-sleepies@2x.png in Resources */ = {isa = PBXBuildFile; fileRef = D5059C261E7ACF510013BE7C /* full-sleepies@2x.png */; };
		D5059C421E7ACF510013BE7C /* full-sleepies@3x.png in Resources */ = {isa = PBXBuildFile; fileRef = D5059C271E7ACF510013BE7C /* full-sleepies@3x.png */; };
		D5059C431E7ACF510013BE7C /* locationIcon.png in Resources */ = {isa = PBXBuildFile; fileRef = D5059C281E7ACF510013BE7C /* locationIcon.png */; };
		D5059C441E7ACF510013BE7C /* locationIcon@2x.png in Resources */ = {isa = PBXBuildFile; fileRef = D5059C291E7ACF510013BE7C /* locationIcon@2x.png */; };
		D5059C451E7ACF510013BE7C /* locationIcon@3x.png in Resources */ = {isa = PBXBuildFile; fileRef = D5059C2A1E7ACF510013BE7C /* locationIcon@3x.png */; };
		D5059C461E7ACF510013BE7C /* thumb-ambulance-ltd.png in Resources */ = {isa = PBXBuildFile; fileRef = D5059C2B1E7ACF510013BE7C /* thumb-ambulance-ltd.png */; };
		D5059C471E7ACF510013BE7C /* thumb-ambulance-ltd@2x.png in Resources */ = {isa = PBXBuildFile; fileRef = D5059C2C1E7ACF510013BE7C /* thumb-ambulance-ltd@2x.png */; };
		D5059C481E7ACF510013BE7C /* thumb-ambulance-ltd@3x.png in Resources */ = {isa = PBXBuildFile; fileRef = D5059C2D1E7ACF510013BE7C /* thumb-ambulance-ltd@3x.png */; };
		D5059C491E7ACF510013BE7C /* thumb-black-angels.png in Resources */ = {isa = PBXBuildFile; fileRef = D5059C2E1E7ACF510013BE7C /* thumb-black-angels.png */; };
		D5059C4A1E7ACF510013BE7C /* thumb-black-angels@2x.png in Resources */ = {isa = PBXBuildFile; fileRef = D5059C2F1E7ACF510013BE7C /* thumb-black-angels@2x.png */; };
		D5059C4B1E7ACF510013BE7C /* thumb-black-angels@3x.png in Resources */ = {isa = PBXBuildFile; fileRef = D5059C301E7ACF510013BE7C /* thumb-black-angels@3x.png */; };
		D5059C4C1E7ACF510013BE7C /* thumb-nicole-atkins.png in Resources */ = {isa = PBXBuildFile; fileRef = D5059C311E7ACF510013BE7C /* thumb-nicole-atkins.png */; };
		D5059C4D1E7ACF510013BE7C /* thumb-nicole-atkins@2x.png in Resources */ = {isa = PBXBuildFile; fileRef = D5059C321E7ACF510013BE7C /* thumb-nicole-atkins@2x.png */; };
		D5059C4E1E7ACF510013BE7C /* thumb-nicole-atkins@3x.png in Resources */ = {isa = PBXBuildFile; fileRef = D5059C331E7ACF510013BE7C /* thumb-nicole-atkins@3x.png */; };
		D5059C4F1E7ACF510013BE7C /* thumb-sleepies.png in Resources */ = {isa = PBXBuildFile; fileRef = D5059C341E7ACF510013BE7C /* thumb-sleepies.png */; };
		D5059C501E7ACF510013BE7C /* thumb-sleepies@2x.png in Resources */ = {isa = PBXBuildFile; fileRef = D5059C351E7ACF510013BE7C /* thumb-sleepies@2x.png */; };
		D5059C511E7ACF510013BE7C /* thumb-sleepies@3x.png in Resources */ = {isa = PBXBuildFile; fileRef = D5059C361E7ACF510013BE7C /* thumb-sleepies@3x.png */; };
		D5059C531E7C1E270013BE7C /* Main_iPad.storyboard in Resources */ = {isa = PBXBuildFile; fileRef = D5059C521E7C1E270013BE7C /* Main_iPad.storyboard */; };
		ECD42879D2625D296EF4DA19 /* libPods-Jive Factory.a in Frameworks */ = {isa = PBXBuildFile; fileRef = 4EA07947BC39AA198ADE54EB /* libPods-Jive Factory.a */; };
/* End PBXBuildFile section */

/* Begin PBXContainerItemProxy section */
		0D969C4D1C178E5400630A09 /* PBXContainerItemProxy */ = {
			isa = PBXContainerItemProxy;
			containerPortal = 0D969C301C178E5300630A09 /* Project object */;
			proxyType = 1;
			remoteGlobalIDString = 0D969C371C178E5400630A09;
			remoteInfo = "Jive Factory";
		};
		0D969C581C178E5400630A09 /* PBXContainerItemProxy */ = {
			isa = PBXContainerItemProxy;
			containerPortal = 0D969C301C178E5300630A09 /* Project object */;
			proxyType = 1;
			remoteGlobalIDString = 0D969C371C178E5400630A09;
			remoteInfo = "Jive Factory";
		};
/* End PBXContainerItemProxy section */

/* Begin PBXFileReference section */
		0D13320A1C80E07100DBD374 /* Podfile */ = {isa = PBXFileReference; fileEncoding = 4; lastKnownFileType = text; path = Podfile; sourceTree = "<group>"; xcLanguageSpecificationIdentifier = xcode.lang.ruby; };
		0D13320C1C80E0F600DBD374 /* Jive Factory-Bridging-Header.h */ = {isa = PBXFileReference; lastKnownFileType = sourcecode.c.h; path = "Jive Factory-Bridging-Header.h"; sourceTree = "<group>"; };
		0D969C381C178E5400630A09 /* Jive Factory.app */ = {isa = PBXFileReference; explicitFileType = wrapper.application; includeInIndex = 0; path = "Jive Factory.app"; sourceTree = BUILT_PRODUCTS_DIR; };
		0D969C3B1C178E5400630A09 /* AppDelegate.swift */ = {isa = PBXFileReference; lastKnownFileType = sourcecode.swift; path = AppDelegate.swift; sourceTree = "<group>"; };
		0D969C3D1C178E5400630A09 /* ViewController.swift */ = {isa = PBXFileReference; lastKnownFileType = sourcecode.swift; path = ViewController.swift; sourceTree = "<group>"; };
		0D969C401C178E5400630A09 /* Base */ = {isa = PBXFileReference; lastKnownFileType = file.storyboard; name = Base; path = Base.lproj/Main.storyboard; sourceTree = "<group>"; };
		0D969C421C178E5400630A09 /* Assets.xcassets */ = {isa = PBXFileReference; lastKnownFileType = folder.assetcatalog; path = Assets.xcassets; sourceTree = "<group>"; };
		0D969C451C178E5400630A09 /* Base */ = {isa = PBXFileReference; lastKnownFileType = file.storyboard; name = Base; path = Base.lproj/LaunchScreen.storyboard; sourceTree = "<group>"; };
		0D969C471C178E5400630A09 /* Info.plist */ = {isa = PBXFileReference; lastKnownFileType = text.plist.xml; path = Info.plist; sourceTree = "<group>"; };
		0D969C4C1C178E5400630A09 /* Jive FactoryTests.xctest */ = {isa = PBXFileReference; explicitFileType = wrapper.cfbundle; includeInIndex = 0; path = "Jive FactoryTests.xctest"; sourceTree = BUILT_PRODUCTS_DIR; };
		0D969C501C178E5400630A09 /* Jive_FactoryTests.swift */ = {isa = PBXFileReference; lastKnownFileType = sourcecode.swift; path = Jive_FactoryTests.swift; sourceTree = "<group>"; };
		0D969C521C178E5400630A09 /* Info.plist */ = {isa = PBXFileReference; lastKnownFileType = text.plist.xml; path = Info.plist; sourceTree = "<group>"; };
		0D969C571C178E5400630A09 /* Jive FactoryUITests.xctest */ = {isa = PBXFileReference; explicitFileType = wrapper.cfbundle; includeInIndex = 0; path = "Jive FactoryUITests.xctest"; sourceTree = BUILT_PRODUCTS_DIR; };
		0D969C5B1C178E5400630A09 /* Jive_FactoryUITests.swift */ = {isa = PBXFileReference; lastKnownFileType = sourcecode.swift; path = Jive_FactoryUITests.swift; sourceTree = "<group>"; };
		0D969C5D1C178E5400630A09 /* Info.plist */ = {isa = PBXFileReference; lastKnownFileType = text.plist.xml; path = Info.plist; sourceTree = "<group>"; };
		0D969CBD1C1A174300630A09 /* BandsTableViewController.swift */ = {isa = PBXFileReference; fileEncoding = 4; lastKnownFileType = sourcecode.swift; path = BandsTableViewController.swift; sourceTree = "<group>"; };
		0D969CD71C1A292000630A09 /* BandsDetailViewController.swift */ = {isa = PBXFileReference; fileEncoding = 4; lastKnownFileType = sourcecode.swift; path = BandsDetailViewController.swift; sourceTree = "<group>"; };
		0D969CD91C1A31D400630A09 /* BandDetail.swift */ = {isa = PBXFileReference; fileEncoding = 4; lastKnownFileType = sourcecode.swift; path = BandDetail.swift; sourceTree = "<group>"; };
		0D969CE11C1B3B9800630A09 /* MapKit.framework */ = {isa = PBXFileReference; lastKnownFileType = wrapper.framework; name = MapKit.framework; path = System/Library/Frameworks/MapKit.framework; sourceTree = SDKROOT; };
		0D969CE31C1B3E3300630A09 /* MapViewController.swift */ = {isa = PBXFileReference; fileEncoding = 4; lastKnownFileType = sourcecode.swift; path = MapViewController.swift; sourceTree = "<group>"; };
		0D969CE71C1F392800630A09 /* BandsModel.swift */ = {isa = PBXFileReference; fileEncoding = 4; lastKnownFileType = sourcecode.swift; path = BandsModel.swift; sourceTree = "<group>"; };
		4E5EA9CB84CB7597217A0DC2 /* Pods-Jive Factory.release.xcconfig */ = {isa = PBXFileReference; includeInIndex = 1; lastKnownFileType = text.xcconfig; name = "Pods-Jive Factory.release.xcconfig"; path = "Pods/Target Support Files/Pods-Jive Factory/Pods-Jive Factory.release.xcconfig"; sourceTree = "<group>"; };
		4EA07947BC39AA198ADE54EB /* libPods-Jive Factory.a */ = {isa = PBXFileReference; explicitFileType = archive.ar; includeInIndex = 0; path = "libPods-Jive Factory.a"; sourceTree = BUILT_PRODUCTS_DIR; };
		73B457498F9C03B7332050B9 /* Pods-Jive Factory.debug.xcconfig */ = {isa = PBXFileReference; includeInIndex = 1; lastKnownFileType = text.xcconfig; name = "Pods-Jive Factory.debug.xcconfig"; path = "Pods/Target Support Files/Pods-Jive Factory/Pods-Jive Factory.debug.xcconfig"; sourceTree = "<group>"; };
		A9C3DB5B9128B591F4D65A91 /* Pods.framework */ = {isa = PBXFileReference; explicitFileType = wrapper.framework; includeInIndex = 0; path = Pods.framework; sourceTree = BUILT_PRODUCTS_DIR; };
		D5059C181E7ACC7A0013BE7C /* GoogleService-Info.plist */ = {isa = PBXFileReference; fileEncoding = 4; lastKnownFileType = text.plist.xml; path = "GoogleService-Info.plist"; sourceTree = "<group>"; };
		D5059C1C1E7ACF510013BE7C /* full-ambulance-ltd.png */ = {isa = PBXFileReference; lastKnownFileType = image.png; name = "full-ambulance-ltd.png"; path = "Images/full-ambulance-ltd.png"; sourceTree = "<group>"; };
		D5059C1D1E7ACF510013BE7C /* full-ambulance-ltd@2x.png */ = {isa = PBXFileReference; lastKnownFileType = image.png; name = "full-ambulance-ltd@2x.png"; path = "Images/full-ambulance-ltd@2x.png"; sourceTree = "<group>"; };
		D5059C1E1E7ACF510013BE7C /* full-ambulance-ltd@3x.png */ = {isa = PBXFileReference; lastKnownFileType = image.png; name = "full-ambulance-ltd@3x.png"; path = "Images/full-ambulance-ltd@3x.png"; sourceTree = "<group>"; };
		D5059C1F1E7ACF510013BE7C /* full-black-angels.png */ = {isa = PBXFileReference; lastKnownFileType = image.png; name = "full-black-angels.png"; path = "Images/full-black-angels.png"; sourceTree = "<group>"; };
		D5059C201E7ACF510013BE7C /* full-black-angels@2x.png */ = {isa = PBXFileReference; lastKnownFileType = image.png; name = "full-black-angels@2x.png"; path = "Images/full-black-angels@2x.png"; sourceTree = "<group>"; };
		D5059C211E7ACF510013BE7C /* full-black-angels@3x.png */ = {isa = PBXFileReference; lastKnownFileType = image.png; name = "full-black-angels@3x.png"; path = "Images/full-black-angels@3x.png"; sourceTree = "<group>"; };
		D5059C221E7ACF510013BE7C /* full-nicole-atkins.png */ = {isa = PBXFileReference; lastKnownFileType = image.png; name = "full-nicole-atkins.png"; path = "Images/full-nicole-atkins.png"; sourceTree = "<group>"; };
		D5059C231E7ACF510013BE7C /* full-nicole-atkins@2x.png */ = {isa = PBXFileReference; lastKnownFileType = image.png; name = "full-nicole-atkins@2x.png"; path = "Images/full-nicole-atkins@2x.png"; sourceTree = "<group>"; };
		D5059C241E7ACF510013BE7C /* full-nicole-atkins@3x.png */ = {isa = PBXFileReference; lastKnownFileType = image.png; name = "full-nicole-atkins@3x.png"; path = "Images/full-nicole-atkins@3x.png"; sourceTree = "<group>"; };
		D5059C251E7ACF510013BE7C /* full-sleepies.png */ = {isa = PBXFileReference; lastKnownFileType = image.png; name = "full-sleepies.png"; path = "Images/full-sleepies.png"; sourceTree = "<group>"; };
		D5059C261E7ACF510013BE7C /* full-sleepies@2x.png */ = {isa = PBXFileReference; lastKnownFileType = image.png; name = "full-sleepies@2x.png"; path = "Images/full-sleepies@2x.png"; sourceTree = "<group>"; };
		D5059C271E7ACF510013BE7C /* full-sleepies@3x.png */ = {isa = PBXFileReference; lastKnownFileType = image.png; name = "full-sleepies@3x.png"; path = "Images/full-sleepies@3x.png"; sourceTree = "<group>"; };
		D5059C281E7ACF510013BE7C /* locationIcon.png */ = {isa = PBXFileReference; lastKnownFileType = image.png; name = locationIcon.png; path = Images/locationIcon.png; sourceTree = "<group>"; };
		D5059C291E7ACF510013BE7C /* locationIcon@2x.png */ = {isa = PBXFileReference; lastKnownFileType = image.png; name = "locationIcon@2x.png"; path = "Images/locationIcon@2x.png"; sourceTree = "<group>"; };
		D5059C2A1E7ACF510013BE7C /* locationIcon@3x.png */ = {isa = PBXFileReference; lastKnownFileType = image.png; name = "locationIcon@3x.png"; path = "Images/locationIcon@3x.png"; sourceTree = "<group>"; };
		D5059C2B1E7ACF510013BE7C /* thumb-ambulance-ltd.png */ = {isa = PBXFileReference; lastKnownFileType = image.png; name = "thumb-ambulance-ltd.png"; path = "Images/thumb-ambulance-ltd.png"; sourceTree = "<group>"; };
		D5059C2C1E7ACF510013BE7C /* thumb-ambulance-ltd@2x.png */ = {isa = PBXFileReference; lastKnownFileType = image.png; name = "thumb-ambulance-ltd@2x.png"; path = "Images/thumb-ambulance-ltd@2x.png"; sourceTree = "<group>"; };
		D5059C2D1E7ACF510013BE7C /* thumb-ambulance-ltd@3x.png */ = {isa = PBXFileReference; lastKnownFileType = image.png; name = "thumb-ambulance-ltd@3x.png"; path = "Images/thumb-ambulance-ltd@3x.png"; sourceTree = "<group>"; };
		D5059C2E1E7ACF510013BE7C /* thumb-black-angels.png */ = {isa = PBXFileReference; lastKnownFileType = image.png; name = "thumb-black-angels.png"; path = "Images/thumb-black-angels.png"; sourceTree = "<group>"; };
		D5059C2F1E7ACF510013BE7C /* thumb-black-angels@2x.png */ = {isa = PBXFileReference; lastKnownFileType = image.png; name = "thumb-black-angels@2x.png"; path = "Images/thumb-black-angels@2x.png"; sourceTree = "<group>"; };
		D5059C301E7ACF510013BE7C /* thumb-black-angels@3x.png */ = {isa = PBXFileReference; lastKnownFileType = image.png; name = "thumb-black-angels@3x.png"; path = "Images/thumb-black-angels@3x.png"; sourceTree = "<group>"; };
		D5059C311E7ACF510013BE7C /* thumb-nicole-atkins.png */ = {isa = PBXFileReference; lastKnownFileType = image.png; name = "thumb-nicole-atkins.png"; path = "Images/thumb-nicole-atkins.png"; sourceTree = "<group>"; };
		D5059C321E7ACF510013BE7C /* thumb-nicole-atkins@2x.png */ = {isa = PBXFileReference; lastKnownFileType = image.png; name = "thumb-nicole-atkins@2x.png"; path = "Images/thumb-nicole-atkins@2x.png"; sourceTree = "<group>"; };
		D5059C331E7ACF510013BE7C /* thumb-nicole-atkins@3x.png */ = {isa = PBXFileReference; lastKnownFileType = image.png; name = "thumb-nicole-atkins@3x.png"; path = "Images/thumb-nicole-atkins@3x.png"; sourceTree = "<group>"; };
		D5059C341E7ACF510013BE7C /* thumb-sleepies.png */ = {isa = PBXFileReference; lastKnownFileType = image.png; name = "thumb-sleepies.png"; path = "Images/thumb-sleepies.png"; sourceTree = "<group>"; };
		D5059C351E7ACF510013BE7C /* thumb-sleepies@2x.png */ = {isa = PBXFileReference; lastKnownFileType = image.png; name = "thumb-sleepies@2x.png"; path = "Images/thumb-sleepies@2x.png"; sourceTree = "<group>"; };
		D5059C361E7ACF510013BE7C /* thumb-sleepies@3x.png */ = {isa = PBXFileReference; lastKnownFileType = image.png; name = "thumb-sleepies@3x.png"; path = "Images/thumb-sleepies@3x.png"; sourceTree = "<group>"; };
		D5059C521E7C1E270013BE7C /* Main_iPad.storyboard */ = {isa = PBXFileReference; fileEncoding = 4; lastKnownFileType = file.storyboard; path = Main_iPad.storyboard; sourceTree = "<group>"; };
/* End PBXFileReference section */

/* Begin PBXFrameworksBuildPhase section */
		0D969C351C178E5400630A09 /* Frameworks */ = {
			isa = PBXFrameworksBuildPhase;
			buildActionMask = 2147483647;
			files = (
				0D969CE21C1B3B9800630A09 /* MapKit.framework in Frameworks */,
				ECD42879D2625D296EF4DA19 /* libPods-Jive Factory.a in Frameworks */,
			);
			runOnlyForDeploymentPostprocessing = 0;
		};
		0D969C491C178E5400630A09 /* Frameworks */ = {
			isa = PBXFrameworksBuildPhase;
			buildActionMask = 2147483647;
			files = (
			);
			runOnlyForDeploymentPostprocessing = 0;
		};
		0D969C541C178E5400630A09 /* Frameworks */ = {
			isa = PBXFrameworksBuildPhase;
			buildActionMask = 2147483647;
			files = (
			);
			runOnlyForDeploymentPostprocessing = 0;
		};
/* End PBXFrameworksBuildPhase section */

/* Begin PBXGroup section */
		0D969C2F1C178E5300630A09 = {
			isa = PBXGroup;
			children = (
				0D13320A1C80E07100DBD374 /* Podfile */,
				0D969CE11C1B3B9800630A09 /* MapKit.framework */,
				0D969C3A1C178E5400630A09 /* Jive Factory */,
				0D969C4F1C178E5400630A09 /* Jive FactoryTests */,
				0D969C5A1C178E5400630A09 /* Jive FactoryUITests */,
				0D969C391C178E5400630A09 /* Products */,
				197B09E2E893C2CE8346B7C0 /* Frameworks */,
				BE409FE478C21DC4719276E3 /* Pods */,
			);
			sourceTree = "<group>";
		};
		0D969C391C178E5400630A09 /* Products */ = {
			isa = PBXGroup;
			children = (
				0D969C381C178E5400630A09 /* Jive Factory.app */,
				0D969C4C1C178E5400630A09 /* Jive FactoryTests.xctest */,
				0D969C571C178E5400630A09 /* Jive FactoryUITests.xctest */,
			);
			name = Products;
			sourceTree = "<group>";
		};
		0D969C3A1C178E5400630A09 /* Jive Factory */ = {
			isa = PBXGroup;
			children = (
				0D969C3B1C178E5400630A09 /* AppDelegate.swift */,
				0D969CE71C1F392800630A09 /* BandsModel.swift */,
				0D969C3D1C178E5400630A09 /* ViewController.swift */,
				0D969CBD1C1A174300630A09 /* BandsTableViewController.swift */,
				0D969CD71C1A292000630A09 /* BandsDetailViewController.swift */,
				0D969CD91C1A31D400630A09 /* BandDetail.swift */,
				0D969CE31C1B3E3300630A09 /* MapViewController.swift */,
				0D969C3F1C178E5400630A09 /* Main.storyboard */,
				D5059C521E7C1E270013BE7C /* Main_iPad.storyboard */,
				0D969C421C178E5400630A09 /* Assets.xcassets */,
				0D969C441C178E5400630A09 /* LaunchScreen.storyboard */,
				0D969C471C178E5400630A09 /* Info.plist */,
				0D969C971C188EA900630A09 /* Images */,
				0D13320C1C80E0F600DBD374 /* Jive Factory-Bridging-Header.h */,
				D5059C181E7ACC7A0013BE7C /* GoogleService-Info.plist */,
			);
			path = "Jive Factory";
			sourceTree = "<group>";
		};
		0D969C4F1C178E5400630A09 /* Jive FactoryTests */ = {
			isa = PBXGroup;
			children = (
				0D969C501C178E5400630A09 /* Jive_FactoryTests.swift */,
				0D969C521C178E5400630A09 /* Info.plist */,
			);
			path = "Jive FactoryTests";
			sourceTree = "<group>";
		};
		0D969C5A1C178E5400630A09 /* Jive FactoryUITests */ = {
			isa = PBXGroup;
			children = (
				0D969C5B1C178E5400630A09 /* Jive_FactoryUITests.swift */,
				0D969C5D1C178E5400630A09 /* Info.plist */,
			);
			path = "Jive FactoryUITests";
			sourceTree = "<group>";
		};
		0D969C971C188EA900630A09 /* Images */ = {
			isa = PBXGroup;
			children = (
				D5059C1C1E7ACF510013BE7C /* full-ambulance-ltd.png */,
				D5059C1D1E7ACF510013BE7C /* full-ambulance-ltd@2x.png */,
				D5059C1E1E7ACF510013BE7C /* full-ambulance-ltd@3x.png */,
				D5059C1F1E7ACF510013BE7C /* full-black-angels.png */,
				D5059C201E7ACF510013BE7C /* full-black-angels@2x.png */,
				D5059C211E7ACF510013BE7C /* full-black-angels@3x.png */,
				D5059C221E7ACF510013BE7C /* full-nicole-atkins.png */,
				D5059C231E7ACF510013BE7C /* full-nicole-atkins@2x.png */,
				D5059C241E7ACF510013BE7C /* full-nicole-atkins@3x.png */,
				D5059C251E7ACF510013BE7C /* full-sleepies.png */,
				D5059C261E7ACF510013BE7C /* full-sleepies@2x.png */,
				D5059C271E7ACF510013BE7C /* full-sleepies@3x.png */,
				D5059C281E7ACF510013BE7C /* locationIcon.png */,
				D5059C291E7ACF510013BE7C /* locationIcon@2x.png */,
				D5059C2A1E7ACF510013BE7C /* locationIcon@3x.png */,
				D5059C2B1E7ACF510013BE7C /* thumb-ambulance-ltd.png */,
				D5059C2C1E7ACF510013BE7C /* thumb-ambulance-ltd@2x.png */,
				D5059C2D1E7ACF510013BE7C /* thumb-ambulance-ltd@3x.png */,
				D5059C2E1E7ACF510013BE7C /* thumb-black-angels.png */,
				D5059C2F1E7ACF510013BE7C /* thumb-black-angels@2x.png */,
				D5059C301E7ACF510013BE7C /* thumb-black-angels@3x.png */,
				D5059C311E7ACF510013BE7C /* thumb-nicole-atkins.png */,
				D5059C321E7ACF510013BE7C /* thumb-nicole-atkins@2x.png */,
				D5059C331E7ACF510013BE7C /* thumb-nicole-atkins@3x.png */,
				D5059C341E7ACF510013BE7C /* thumb-sleepies.png */,
				D5059C351E7ACF510013BE7C /* thumb-sleepies@2x.png */,
				D5059C361E7ACF510013BE7C /* thumb-sleepies@3x.png */,
			);
			name = Images;
			sourceTree = "<group>";
		};
		197B09E2E893C2CE8346B7C0 /* Frameworks */ = {
			isa = PBXGroup;
			children = (
				A9C3DB5B9128B591F4D65A91 /* Pods.framework */,
				4EA07947BC39AA198ADE54EB /* libPods-Jive Factory.a */,
			);
			name = Frameworks;
			sourceTree = "<group>";
		};
		BE409FE478C21DC4719276E3 /* Pods */ = {
			isa = PBXGroup;
			children = (
				73B457498F9C03B7332050B9 /* Pods-Jive Factory.debug.xcconfig */,
				4E5EA9CB84CB7597217A0DC2 /* Pods-Jive Factory.release.xcconfig */,
			);
			name = Pods;
			sourceTree = "<group>";
		};
/* End PBXGroup section */

/* Begin PBXNativeTarget section */
		0D969C371C178E5400630A09 /* Jive Factory */ = {
			isa = PBXNativeTarget;
			buildConfigurationList = 0D969C601C178E5400630A09 /* Build configuration list for PBXNativeTarget "Jive Factory" */;
			buildPhases = (
				0CCCB15D6A40279DCDB87B3E /* [CP] Check Pods Manifest.lock */,
				0D969C341C178E5400630A09 /* Sources */,
				0D969C351C178E5400630A09 /* Frameworks */,
				0D969C361C178E5400630A09 /* Resources */,
				0D12F32758A2C0EE348C0135 /* [CP] Embed Pods Frameworks */,
				E0E1698BFC67FF1FFF7461AD /* [CP] Copy Pods Resources */,
			);
			buildRules = (
			);
			dependencies = (
			);
			name = "Jive Factory";
			productName = "Jive Factory";
			productReference = 0D969C381C178E5400630A09 /* Jive Factory.app */;
			productType = "com.apple.product-type.application";
		};
		0D969C4B1C178E5400630A09 /* Jive FactoryTests */ = {
			isa = PBXNativeTarget;
			buildConfigurationList = 0D969C631C178E5400630A09 /* Build configuration list for PBXNativeTarget "Jive FactoryTests" */;
			buildPhases = (
				0D969C481C178E5400630A09 /* Sources */,
				0D969C491C178E5400630A09 /* Frameworks */,
				0D969C4A1C178E5400630A09 /* Resources */,
			);
			buildRules = (
			);
			dependencies = (
				0D969C4E1C178E5400630A09 /* PBXTargetDependency */,
			);
			name = "Jive FactoryTests";
			productName = "Jive FactoryTests";
			productReference = 0D969C4C1C178E5400630A09 /* Jive FactoryTests.xctest */;
			productType = "com.apple.product-type.bundle.unit-test";
		};
		0D969C561C178E5400630A09 /* Jive FactoryUITests */ = {
			isa = PBXNativeTarget;
			buildConfigurationList = 0D969C661C178E5400630A09 /* Build configuration list for PBXNativeTarget "Jive FactoryUITests" */;
			buildPhases = (
				0D969C531C178E5400630A09 /* Sources */,
				0D969C541C178E5400630A09 /* Frameworks */,
				0D969C551C178E5400630A09 /* Resources */,
			);
			buildRules = (
			);
			dependencies = (
				0D969C591C178E5400630A09 /* PBXTargetDependency */,
			);
			name = "Jive FactoryUITests";
			productName = "Jive FactoryUITests";
			productReference = 0D969C571C178E5400630A09 /* Jive FactoryUITests.xctest */;
			productType = "com.apple.product-type.bundle.ui-testing";
		};
/* End PBXNativeTarget section */

/* Begin PBXProject section */
		0D969C301C178E5300630A09 /* Project object */ = {
			isa = PBXProject;
			attributes = {
				LastSwiftUpdateCheck = 0720;
				LastUpgradeCheck = 0710;
				ORGANIZATIONNAME = "Noble Desktop";
				TargetAttributes = {
					0D969C371C178E5400630A09 = {
						CreatedOnToolsVersion = 7.1.1;
						LastSwiftMigration = 0820;
					};
					0D969C4B1C178E5400630A09 = {
						CreatedOnToolsVersion = 7.1.1;
						LastSwiftMigration = 0820;
						TestTargetID = 0D969C371C178E5400630A09;
					};
					0D969C561C178E5400630A09 = {
						CreatedOnToolsVersion = 7.1.1;
						LastSwiftMigration = 0820;
						TestTargetID = 0D969C371C178E5400630A09;
					};
				};
			};
			buildConfigurationList = 0D969C331C178E5300630A09 /* Build configuration list for PBXProject "Jive Factory" */;
			compatibilityVersion = "Xcode 3.2";
			developmentRegion = English;
			hasScannedForEncodings = 0;
			knownRegions = (
				en,
				Base,
			);
			mainGroup = 0D969C2F1C178E5300630A09;
			productRefGroup = 0D969C391C178E5400630A09 /* Products */;
			projectDirPath = "";
			projectRoot = "";
			targets = (
				0D969C371C178E5400630A09 /* Jive Factory */,
				0D969C4B1C178E5400630A09 /* Jive FactoryTests */,
				0D969C561C178E5400630A09 /* Jive FactoryUITests */,
			);
		};
/* End PBXProject section */

/* Begin PBXResourcesBuildPhase section */
		0D969C361C178E5400630A09 /* Resources */ = {
			isa = PBXResourcesBuildPhase;
			buildActionMask = 2147483647;
			files = (
				D5059C391E7ACF510013BE7C /* full-ambulance-ltd@3x.png in Resources */,
				D5059C441E7ACF510013BE7C /* locationIcon@2x.png in Resources */,
				D5059C4F1E7ACF510013BE7C /* thumb-sleepies.png in Resources */,
				D5059C531E7C1E270013BE7C /* Main_iPad.storyboard in Resources */,
				D5059C4A1E7ACF510013BE7C /* thumb-black-angels@2x.png in Resources */,
				D5059C481E7ACF510013BE7C /* thumb-ambulance-ltd@3x.png in Resources */,
				D5059C421E7ACF510013BE7C /* full-sleepies@3x.png in Resources */,
				D5059C3C1E7ACF510013BE7C /* full-black-angels@3x.png in Resources */,
				D5059C4E1E7ACF510013BE7C /* thumb-nicole-atkins@3x.png in Resources */,
				D5059C431E7ACF510013BE7C /* locationIcon.png in Resources */,
				D5059C3B1E7ACF510013BE7C /* full-black-angels@2x.png in Resources */,
				0D13320B1C80E07100DBD374 /* Podfile in Resources */,
				D5059C471E7ACF510013BE7C /* thumb-ambulance-ltd@2x.png in Resources */,
				0D969C461C178E5400630A09 /* LaunchScreen.storyboard in Resources */,
				D5059C381E7ACF510013BE7C /* full-ambulance-ltd@2x.png in Resources */,
				D5059C371E7ACF510013BE7C /* full-ambulance-ltd.png in Resources */,
				D5059C191E7ACC7A0013BE7C /* GoogleService-Info.plist in Resources */,
				D5059C3E1E7ACF510013BE7C /* full-nicole-atkins@2x.png in Resources */,
				0D969C431C178E5400630A09 /* Assets.xcassets in Resources */,
				D5059C3F1E7ACF510013BE7C /* full-nicole-atkins@3x.png in Resources */,
				D5059C501E7ACF510013BE7C /* thumb-sleepies@2x.png in Resources */,
				D5059C411E7ACF510013BE7C /* full-sleepies@2x.png in Resources */,
				D5059C4B1E7ACF510013BE7C /* thumb-black-angels@3x.png in Resources */,
				D5059C3A1E7ACF510013BE7C /* full-black-angels.png in Resources */,
				D5059C491E7ACF510013BE7C /* thumb-black-angels.png in Resources */,
				D5059C4D1E7ACF510013BE7C /* thumb-nicole-atkins@2x.png in Resources */,
				D5059C3D1E7ACF510013BE7C /* full-nicole-atkins.png in Resources */,
				D5059C511E7ACF510013BE7C /* thumb-sleepies@3x.png in Resources */,
				D5059C401E7ACF510013BE7C /* full-sleepies.png in Resources */,
				0D969C411C178E5400630A09 /* Main.storyboard in Resources */,
				D5059C461E7ACF510013BE7C /* thumb-ambulance-ltd.png in Resources */,
				D5059C451E7ACF510013BE7C /* locationIcon@3x.png in Resources */,
				D5059C4C1E7ACF510013BE7C /* thumb-nicole-atkins.png in Resources */,
			);
			runOnlyForDeploymentPostprocessing = 0;
		};
		0D969C4A1C178E5400630A09 /* Resources */ = {
			isa = PBXResourcesBuildPhase;
			buildActionMask = 2147483647;
			files = (
			);
			runOnlyForDeploymentPostprocessing = 0;
		};
		0D969C551C178E5400630A09 /* Resources */ = {
			isa = PBXResourcesBuildPhase;
			buildActionMask = 2147483647;
			files = (
			);
			runOnlyForDeploymentPostprocessing = 0;
		};
/* End PBXResourcesBuildPhase section */

/* Begin PBXShellScriptBuildPhase section */
		0CCCB15D6A40279DCDB87B3E /* [CP] Check Pods Manifest.lock */ = {
			isa = PBXShellScriptBuildPhase;
			buildActionMask = 2147483647;
			files = (
			);
			inputPaths = (
			);
			name = "[CP] Check Pods Manifest.lock";
			outputPaths = (
			);
			runOnlyForDeploymentPostprocessing = 0;
			shellPath = /bin/sh;
			shellScript = "diff \"${PODS_ROOT}/../Podfile.lock\" \"${PODS_ROOT}/Manifest.lock\" > /dev/null\nif [ $? != 0 ] ; then\n    # print error to STDERR\n    echo \"error: The sandbox is not in sync with the Podfile.lock. Run 'pod install' or update your CocoaPods installation.\" >&2\n    exit 1\nfi\n";
			showEnvVarsInLog = 0;
		};
		0D12F32758A2C0EE348C0135 /* [CP] Embed Pods Frameworks */ = {
			isa = PBXShellScriptBuildPhase;
			buildActionMask = 2147483647;
			files = (
			);
			inputPaths = (
			);
			name = "[CP] Embed Pods Frameworks";
			outputPaths = (
			);
			runOnlyForDeploymentPostprocessing = 0;
			shellPath = /bin/sh;
			shellScript = "\"${SRCROOT}/Pods/Target Support Files/Pods-Jive Factory/Pods-Jive Factory-frameworks.sh\"\n";
			showEnvVarsInLog = 0;
		};
		E0E1698BFC67FF1FFF7461AD /* [CP] Copy Pods Resources */ = {
			isa = PBXShellScriptBuildPhase;
			buildActionMask = 2147483647;
			files = (
			);
			inputPaths = (
			);
			name = "[CP] Copy Pods Resources";
			outputPaths = (
			);
			runOnlyForDeploymentPostprocessing = 0;
			shellPath = /bin/sh;
			shellScript = "\"${SRCROOT}/Pods/Target Support Files/Pods-Jive Factory/Pods-Jive Factory-resources.sh\"\n";
			showEnvVarsInLog = 0;
		};
/* End PBXShellScriptBuildPhase section */

/* Begin PBXSourcesBuildPhase section */
		0D969C341C178E5400630A09 /* Sources */ = {
			isa = PBXSourcesBuildPhase;
			buildActionMask = 2147483647;
			files = (
				0D969CD81C1A292000630A09 /* BandsDetailViewController.swift in Sources */,
				0D969CE41C1B3E3300630A09 /* MapViewController.swift in Sources */,
				0D969CE81C1F392800630A09 /* BandsModel.swift in Sources */,
				0D969C3E1C178E5400630A09 /* ViewController.swift in Sources */,
				0D969CBE1C1A174300630A09 /* BandsTableViewController.swift in Sources */,
				0D969CDA1C1A31D400630A09 /* BandDetail.swift in Sources */,
				0D969C3C1C178E5400630A09 /* AppDelegate.swift in Sources */,
			);
			runOnlyForDeploymentPostprocessing = 0;
		};
		0D969C481C178E5400630A09 /* Sources */ = {
			isa = PBXSourcesBuildPhase;
			buildActionMask = 2147483647;
			files = (
				0D969C511C178E5400630A09 /* Jive_FactoryTests.swift in Sources */,
			);
			runOnlyForDeploymentPostprocessing = 0;
		};
		0D969C531C178E5400630A09 /* Sources */ = {
			isa = PBXSourcesBuildPhase;
			buildActionMask = 2147483647;
			files = (
				0D969C5C1C178E5400630A09 /* Jive_FactoryUITests.swift in Sources */,
			);
			runOnlyForDeploymentPostprocessing = 0;
		};
/* End PBXSourcesBuildPhase section */

/* Begin PBXTargetDependency section */
		0D969C4E1C178E5400630A09 /* PBXTargetDependency */ = {
			isa = PBXTargetDependency;
			target = 0D969C371C178E5400630A09 /* Jive Factory */;
			targetProxy = 0D969C4D1C178E5400630A09 /* PBXContainerItemProxy */;
		};
		0D969C591C178E5400630A09 /* PBXTargetDependency */ = {
			isa = PBXTargetDependency;
			target = 0D969C371C178E5400630A09 /* Jive Factory */;
			targetProxy = 0D969C581C178E5400630A09 /* PBXContainerItemProxy */;
		};
/* End PBXTargetDependency section */

/* Begin PBXVariantGroup section */
		0D969C3F1C178E5400630A09 /* Main.storyboard */ = {
			isa = PBXVariantGroup;
			children = (
				0D969C401C178E5400630A09 /* Base */,
			);
			name = Main.storyboard;
			sourceTree = "<group>";
		};
		0D969C441C178E5400630A09 /* LaunchScreen.storyboard */ = {
			isa = PBXVariantGroup;
			children = (
				0D969C451C178E5400630A09 /* Base */,
			);
			name = LaunchScreen.storyboard;
			sourceTree = "<group>";
		};
/* End PBXVariantGroup section */

/* Begin XCBuildConfiguration section */
		0D969C5E1C178E5400630A09 /* Debug */ = {
			isa = XCBuildConfiguration;
			buildSettings = {
				ALWAYS_SEARCH_USER_PATHS = NO;
				CLANG_CXX_LANGUAGE_STANDARD = "gnu++0x";
				CLANG_CXX_LIBRARY = "libc++";
				CLANG_ENABLE_MODULES = YES;
				CLANG_ENABLE_OBJC_ARC = YES;
				CLANG_WARN_BOOL_CONVERSION = YES;
				CLANG_WARN_CONSTANT_CONVERSION = YES;
				CLANG_WARN_DIRECT_OBJC_ISA_USAGE = YES_ERROR;
				CLANG_WARN_EMPTY_BODY = YES;
				CLANG_WARN_ENUM_CONVERSION = YES;
				CLANG_WARN_INT_CONVERSION = YES;
				CLANG_WARN_OBJC_ROOT_CLASS = YES_ERROR;
				CLANG_WARN_UNREACHABLE_CODE = YES;
				CLANG_WARN__DUPLICATE_METHOD_MATCH = YES;
				"CODE_SIGN_IDENTITY[sdk=iphoneos*]" = "iPhone Developer";
				COPY_PHASE_STRIP = NO;
				DEBUG_INFORMATION_FORMAT = dwarf;
				ENABLE_STRICT_OBJC_MSGSEND = YES;
				ENABLE_TESTABILITY = YES;
				GCC_C_LANGUAGE_STANDARD = gnu99;
				GCC_DYNAMIC_NO_PIC = NO;
				GCC_NO_COMMON_BLOCKS = YES;
				GCC_OPTIMIZATION_LEVEL = 0;
				GCC_PREPROCESSOR_DEFINITIONS = (
					"DEBUG=1",
					"$(inherited)",
				);
				GCC_WARN_64_TO_32_BIT_CONVERSION = YES;
				GCC_WARN_ABOUT_RETURN_TYPE = YES_ERROR;
				GCC_WARN_UNDECLARED_SELECTOR = YES;
				GCC_WARN_UNINITIALIZED_AUTOS = YES_AGGRESSIVE;
				GCC_WARN_UNUSED_FUNCTION = YES;
				GCC_WARN_UNUSED_VARIABLE = YES;
				IPHONEOS_DEPLOYMENT_TARGET = 9.1;
				MTL_ENABLE_DEBUG_INFO = YES;
				ONLY_ACTIVE_ARCH = YES;
				SDKROOT = iphoneos;
				SWIFT_OPTIMIZATION_LEVEL = "-Onone";
			};
			name = Debug;
		};
		0D969C5F1C178E5400630A09 /* Release */ = {
			isa = XCBuildConfiguration;
			buildSettings = {
				ALWAYS_SEARCH_USER_PATHS = NO;
				CLANG_CXX_LANGUAGE_STANDARD = "gnu++0x";
				CLANG_CXX_LIBRARY = "libc++";
				CLANG_ENABLE_MODULES = YES;
				CLANG_ENABLE_OBJC_ARC = YES;
				CLANG_WARN_BOOL_CONVERSION = YES;
				CLANG_WARN_CONSTANT_CONVERSION = YES;
				CLANG_WARN_DIRECT_OBJC_ISA_USAGE = YES_ERROR;
				CLANG_WARN_EMPTY_BODY = YES;
				CLANG_WARN_ENUM_CONVERSION = YES;
				CLANG_WARN_INT_CONVERSION = YES;
				CLANG_WARN_OBJC_ROOT_CLASS = YES_ERROR;
				CLANG_WARN_UNREACHABLE_CODE = YES;
				CLANG_WARN__DUPLICATE_METHOD_MATCH = YES;
				"CODE_SIGN_IDENTITY[sdk=iphoneos*]" = "iPhone Developer";
				COPY_PHASE_STRIP = NO;
				DEBUG_INFORMATION_FORMAT = "dwarf-with-dsym";
				ENABLE_NS_ASSERTIONS = NO;
				ENABLE_STRICT_OBJC_MSGSEND = YES;
				GCC_C_LANGUAGE_STANDARD = gnu99;
				GCC_NO_COMMON_BLOCKS = YES;
				GCC_WARN_64_TO_32_BIT_CONVERSION = YES;
				GCC_WARN_ABOUT_RETURN_TYPE = YES_ERROR;
				GCC_WARN_UNDECLARED_SELECTOR = YES;
				GCC_WARN_UNINITIALIZED_AUTOS = YES_AGGRESSIVE;
				GCC_WARN_UNUSED_FUNCTION = YES;
				GCC_WARN_UNUSED_VARIABLE = YES;
				IPHONEOS_DEPLOYMENT_TARGET = 9.1;
				MTL_ENABLE_DEBUG_INFO = NO;
				SDKROOT = iphoneos;
				VALIDATE_PRODUCT = YES;
			};
			name = Release;
		};
		0D969C611C178E5400630A09 /* Debug */ = {
			isa = XCBuildConfiguration;
			baseConfigurationReference = 73B457498F9C03B7332050B9 /* Pods-Jive Factory.debug.xcconfig */;
			buildSettings = {
				ASSETCATALOG_COMPILER_APPICON_NAME = AppIcon;
				CLANG_ENABLE_MODULES = YES;
				INFOPLIST_FILE = "Jive Factory/Info.plist";
				LD_RUNPATH_SEARCH_PATHS = "$(inherited) @executable_path/Frameworks";
				PRODUCT_BUNDLE_IDENTIFIER = "com.nobledesktop.Jive-Factory";
				PRODUCT_NAME = "$(TARGET_NAME)";
				SWIFT_OBJC_BRIDGING_HEADER = "Jive Factory/Jive Factory-Bridging-Header.h";
				SWIFT_OPTIMIZATION_LEVEL = "-Onone";
				SWIFT_VERSION = 3.0;
				TARGETED_DEVICE_FAMILY = 1;
			};
			name = Debug;
		};
		0D969C621C178E5400630A09 /* Release */ = {
			isa = XCBuildConfiguration;
			baseConfigurationReference = 4E5EA9CB84CB7597217A0DC2 /* Pods-Jive Factory.release.xcconfig */;
			buildSettings = {
				ASSETCATALOG_COMPILER_APPICON_NAME = AppIcon;
				CLANG_ENABLE_MODULES = YES;
				INFOPLIST_FILE = "Jive Factory/Info.plist";
				LD_RUNPATH_SEARCH_PATHS = "$(inherited) @executable_path/Frameworks";
				PRODUCT_BUNDLE_IDENTIFIER = "com.nobledesktop.Jive-Factory";
				PRODUCT_NAME = "$(TARGET_NAME)";
				SWIFT_OBJC_BRIDGING_HEADER = "Jive Factory/Jive Factory-Bridging-Header.h";
				SWIFT_VERSION = 3.0;
				TARGETED_DEVICE_FAMILY = 1;
			};
			name = Release;
		};
		0D969C641C178E5400630A09 /* Debug */ = {
			isa = XCBuildConfiguration;
			buildSettings = {
				BUNDLE_LOADER = "$(TEST_HOST)";
				INFOPLIST_FILE = "Jive FactoryTests/Info.plist";
				LD_RUNPATH_SEARCH_PATHS = "$(inherited) @executable_path/Frameworks @loader_path/Frameworks";
				PRODUCT_BUNDLE_IDENTIFIER = "com.nobledesktop.Jive-FactoryTests";
				PRODUCT_NAME = "$(TARGET_NAME)";
				SWIFT_VERSION = 3.0;
				TEST_HOST = "$(BUILT_PRODUCTS_DIR)/Jive Factory.app/Jive Factory";
			};
			name = Debug;
		};
		0D969C651C178E5400630A09 /* Release */ = {
			isa = XCBuildConfiguration;
			buildSettings = {
				BUNDLE_LOADER = "$(TEST_HOST)";
				INFOPLIST_FILE = "Jive FactoryTests/Info.plist";
				LD_RUNPATH_SEARCH_PATHS = "$(inherited) @executable_path/Frameworks @loader_path/Frameworks";
				PRODUCT_BUNDLE_IDENTIFIER = "com.nobledesktop.Jive-FactoryTests";
				PRODUCT_NAME = "$(TARGET_NAME)";
				SWIFT_VERSION = 3.0;
				TEST_HOST = "$(BUILT_PRODUCTS_DIR)/Jive Factory.app/Jive Factory";
			};
			name = Release;
		};
		0D969C671C178E5400630A09 /* Debug */ = {
			isa = XCBuildConfiguration;
			buildSettings = {
				INFOPLIST_FILE = "Jive FactoryUITests/Info.plist";
				LD_RUNPATH_SEARCH_PATHS = "$(inherited) @executable_path/Frameworks @loader_path/Frameworks";
				PRODUCT_BUNDLE_IDENTIFIER = "com.nobledesktop.Jive-FactoryUITests";
				PRODUCT_NAME = "$(TARGET_NAME)";
				SWIFT_VERSION = 3.0;
				TEST_TARGET_NAME = "Jive Factory";
				USES_XCTRUNNER = YES;
			};
			name = Debug;
		};
		0D969C681C178E5400630A09 /* Release */ = {
			isa = XCBuildConfiguration;
			buildSettings = {
				INFOPLIST_FILE = "Jive FactoryUITests/Info.plist";
				LD_RUNPATH_SEARCH_PATHS = "$(inherited) @executable_path/Frameworks @loader_path/Frameworks";
				PRODUCT_BUNDLE_IDENTIFIER = "com.nobledesktop.Jive-FactoryUITests";
				PRODUCT_NAME = "$(TARGET_NAME)";
				SWIFT_VERSION = 3.0;
				TEST_TARGET_NAME = "Jive Factory";
				USES_XCTRUNNER = YES;
			};
			name = Release;
		};
/* End XCBuildConfiguration section */

/* Begin XCConfigurationList section */
		0D969C331C178E5300630A09 /* Build configuration list for PBXProject "Jive Factory" */ = {
			isa = XCConfigurationList;
			buildConfigurations = (
				0D969C5E1C178E5400630A09 /* Debug */,
				0D969C5F1C178E5400630A09 /* Release */,
			);
			defaultConfigurationIsVisible = 0;
			defaultConfigurationName = Release;
		};
		0D969C601C178E5400630A09 /* Build configuration list for PBXNativeTarget "Jive Factory" */ = {
			isa = XCConfigurationList;
			buildConfigurations = (
				0D969C611C178E5400630A09 /* Debug */,
				0D969C621C178E5400630A09 /* Release */,
			);
			defaultConfigurationIsVisible = 0;
			defaultConfigurationName = Release;
		};
		0D969C631C178E5400630A09 /* Build configuration list for PBXNativeTarget "Jive FactoryTests" */ = {
			isa = XCConfigurationList;
			buildConfigurations = (
				0D969C641C178E5400630A09 /* Debug */,
				0D969C651C178E5400630A09 /* Release */,
			);
			defaultConfigurationIsVisible = 0;
			defaultConfigurationName = Release;
		};
		0D969C661C178E5400630A09 /* Build configuration list for PBXNativeTarget "Jive FactoryUITests" */ = {
			isa = XCConfigurationList;
			buildConfigurations = (
				0D969C671C178E5400630A09 /* Debug */,
				0D969C681C178E5400630A09 /* Release */,
			);
			defaultConfigurationIsVisible = 0;
			defaultConfigurationName = Release;
		};
/* End XCConfigurationList section */
	};
	rootObject = 0D969C301C178E5300630A09 /* Project object */;
}
